
Microsoft Visual Studio Solution File, Format Version 12.00
# Visual Studio Version 17
VisualStudioVersion = 17.11.35303.130
MinimumVisualStudioVersion = 10.0.40219.1
Project("{FAE04EC0-301F-11D3-BF4B-00C04F79EFBC}") = "methods-peer-work", "methods-peer-work\methods-peer-work.csproj", "{D510D3BF-E04E-41FC-AEEF-0D46CC43409C}"
EndProject
Global
	GlobalSection(SolutionConfigurationPlatforms) = preSolution
		Debug|Any CPU = Debug|Any CPU
		Release|Any CPU = Release|Any CPU
	EndGlobalSection
	GlobalSection(ProjectConfigurationPlatforms) = postSolution
		{D510D3BF-E04E-41FC-AEEF-0D46CC43409C}.Debug|Any CPU.ActiveCfg = Debug|Any CPU
		{D510D3BF-E04E-41FC-AEEF-0D46CC43409C}.Debug|Any CPU.Build.0 = Debug|Any CPU
		{D510D3BF-E04E-41FC-AEEF-0D46CC43409C}.Release|Any CPU.ActiveCfg = Release|Any CPU
		{D510D3BF-E04E-41FC-AEEF-0D46CC43409C}.Release|Any CPU.Build.0 = Release|Any CPU
	EndGlobalSection
	GlobalSection(SolutionProperties) = preSolution
		HideSolutionNode = FALSE
	EndGlobalSection
	GlobalSection(ExtensibilityGlobals) = postSolution
		SolutionGuid = {07988A23-134B-4592-A6AC-9D2B51AA152E}
	EndGlobalSection
EndGlobal
